// !$*UTF8*$!
{
	archiveVersion = 1;
	classes = {
	};
	objectVersion = 56;
	objects = {

/* Begin PBXBuildFile section */
		D04F12ED2A799C6500B948E8 /* ecommerceshopApp.swift in Sources */ = {isa = PBXBuildFile; fileRef = D04F12EC2A799C6500B948E8 /* ecommerceshopApp.swift */; };
		D04F12EF2A799C6500B948E8 /* ContentView.swift in Sources */ = {isa = PBXBuildFile; fileRef = D04F12EE2A799C6500B948E8 /* ContentView.swift */; };
		D04F12F12A799C6700B948E8 /* Assets.xcassets in Resources */ = {isa = PBXBuildFile; fileRef = D04F12F02A799C6700B948E8 /* Assets.xcassets */; };
		D04F12F42A799C6700B948E8 /* Preview Assets.xcassets in Resources */ = {isa = PBXBuildFile; fileRef = D04F12F32A799C6700B948E8 /* Preview Assets.xcassets */; };
		D04F12FE2A799EAA00B948E8 /* player.json in Resources */ = {isa = PBXBuildFile; fileRef = D04F12FA2A799EAA00B948E8 /* player.json */; };
		D04F12FF2A799EAA00B948E8 /* product.json in Resources */ = {isa = PBXBuildFile; fileRef = D04F12FB2A799EAA00B948E8 /* product.json */; };
		D04F13002A799EAA00B948E8 /* category.json in Resources */ = {isa = PBXBuildFile; fileRef = D04F12FC2A799EAA00B948E8 /* category.json */; };
		D04F13012A799EAA00B948E8 /* brand.json in Resources */ = {isa = PBXBuildFile; fileRef = D04F12FD2A799EAA00B948E8 /* brand.json */; };
		D04F130C2A79A10F00B948E8 /* Constant.swift in Sources */ = {isa = PBXBuildFile; fileRef = D04F130B2A79A10F00B948E8 /* Constant.swift */; };
		D04F130E2A79A1D500B948E8 /* Footer.swift in Sources */ = {isa = PBXBuildFile; fileRef = D04F130D2A79A1D500B948E8 /* Footer.swift */; };
		D04F13102A79A9E900B948E8 /* Navigation.swift in Sources */ = {isa = PBXBuildFile; fileRef = D04F130F2A79A9E900B948E8 /* Navigation.swift */; };
		D04F13122A79ABA800B948E8 /* LogoView.swift in Sources */ = {isa = PBXBuildFile; fileRef = D04F13112A79ABA800B948E8 /* LogoView.swift */; };
/* End PBXBuildFile section */

/* Begin PBXFileReference section */
		D04F12E92A799C6500B948E8 /* ecommerceshop.app */ = {isa = PBXFileReference; explicitFileType = wrapper.application; includeInIndex = 0; path = ecommerceshop.app; sourceTree = BUILT_PRODUCTS_DIR; };
		D04F12EC2A799C6500B948E8 /* ecommerceshopApp.swift */ = {isa = PBXFileReference; lastKnownFileType = sourcecode.swift; path = ecommerceshopApp.swift; sourceTree = "<group>"; };
		D04F12EE2A799C6500B948E8 /* ContentView.swift */ = {isa = PBXFileReference; lastKnownFileType = sourcecode.swift; path = ContentView.swift; sourceTree = "<group>"; };
		D04F12F02A799C6700B948E8 /* Assets.xcassets */ = {isa = PBXFileReference; lastKnownFileType = folder.assetcatalog; path = Assets.xcassets; sourceTree = "<group>"; };
		D04F12F32A799C6700B948E8 /* Preview Assets.xcassets */ = {isa = PBXFileReference; lastKnownFileType = folder.assetcatalog; path = "Preview Assets.xcassets"; sourceTree = "<group>"; };
		D04F12FA2A799EAA00B948E8 /* player.json */ = {isa = PBXFileReference; fileEncoding = 4; lastKnownFileType = text.json; path = player.json; sourceTree = "<group>"; };
		D04F12FB2A799EAA00B948E8 /* product.json */ = {isa = PBXFileReference; fileEncoding = 4; lastKnownFileType = text.json; path = product.json; sourceTree = "<group>"; };
		D04F12FC2A799EAA00B948E8 /* category.json */ = {isa = PBXFileReference; fileEncoding = 4; lastKnownFileType = text.json; path = category.json; sourceTree = "<group>"; };
		D04F12FD2A799EAA00B948E8 /* brand.json */ = {isa = PBXFileReference; fileEncoding = 4; lastKnownFileType = text.json; path = brand.json; sourceTree = "<group>"; };
		D04F13032A799F4800B948E8 /* Info.plist */ = {isa = PBXFileReference; lastKnownFileType = text.plist; path = Info.plist; sourceTree = "<group>"; };
		D04F130B2A79A10F00B948E8 /* Constant.swift */ = {isa = PBXFileReference; lastKnownFileType = sourcecode.swift; path = Constant.swift; sourceTree = "<group>"; };
		D04F130D2A79A1D500B948E8 /* Footer.swift */ = {isa = PBXFileReference; lastKnownFileType = sourcecode.swift; path = Footer.swift; sourceTree = "<group>"; };
		D04F130F2A79A9E900B948E8 /* Navigation.swift */ = {isa = PBXFileReference; lastKnownFileType = sourcecode.swift; path = Navigation.swift; sourceTree = "<group>"; };
		D04F13112A79ABA800B948E8 /* LogoView.swift */ = {isa = PBXFileReference; lastKnownFileType = sourcecode.swift; path = LogoView.swift; sourceTree = "<group>"; };
/* End PBXFileReference section */

/* Begin PBXFrameworksBuildPhase section */
		D04F12E62A799C6500B948E8 /* Frameworks */ = {
			isa = PBXFrameworksBuildPhase;
			buildActionMask = 2147483647;
			files = (
			);
			runOnlyForDeploymentPostprocessing = 0;
		};
/* End PBXFrameworksBuildPhase section */

/* Begin PBXGroup section */
		D04F12E02A799C6400B948E8 = {
			isa = PBXGroup;
			children = (
				D04F12EB2A799C6500B948E8 /* ecommerceshop */,
				D04F12EA2A799C6500B948E8 /* Products */,
			);
			sourceTree = "<group>";
		};
		D04F12EA2A799C6500B948E8 /* Products */ = {
			isa = PBXGroup;
			children = (
				D04F12E92A799C6500B948E8 /* ecommerceshop.app */,
			);
			name = Products;
			sourceTree = "<group>";
		};
		D04F12EB2A799C6500B948E8 /* ecommerceshop */ = {
			isa = PBXGroup;
			children = (
				D04F130A2A79A0DD00B948E8 /* Utility */,
				D04F13092A79A0D100B948E8 /* Extension */,
				D04F13082A79A0C600B948E8 /* Model */,
				D04F13052A79A0A100B948E8 /* View */,
				D04F13032A799F4800B948E8 /* Info.plist */,
				D04F13022A799EE400B948E8 /* Data */,
				D04F13042A79A08F00B948E8 /* App */,
				D04F12F02A799C6700B948E8 /* Assets.xcassets */,
				D04F12F22A799C6700B948E8 /* Preview Content */,
			);
			path = ecommerceshop;
			sourceTree = "<group>";
		};
		D04F12F22A799C6700B948E8 /* Preview Content */ = {
			isa = PBXGroup;
			children = (
				D04F12F32A799C6700B948E8 /* Preview Assets.xcassets */,
			);
			path = "Preview Content";
			sourceTree = "<group>";
		};
		D04F13022A799EE400B948E8 /* Data */ = {
			isa = PBXGroup;
			children = (
				D04F12FC2A799EAA00B948E8 /* category.json */,
				D04F12FA2A799EAA00B948E8 /* player.json */,
				D04F12FB2A799EAA00B948E8 /* product.json */,
				D04F12FD2A799EAA00B948E8 /* brand.json */,
			);
			path = Data;
			sourceTree = "<group>";
		};
		D04F13042A79A08F00B948E8 /* App */ = {
			isa = PBXGroup;
			children = (
				D04F12EC2A799C6500B948E8 /* ecommerceshopApp.swift */,
				D04F12EE2A799C6500B948E8 /* ContentView.swift */,
			);
			path = App;
			sourceTree = "<group>";
		};
		D04F13052A79A0A100B948E8 /* View */ = {
			isa = PBXGroup;
			children = (
				D04F13072A79A0B900B948E8 /* Detail */,
				D04F13062A79A0AE00B948E8 /* Home */,
			);
			path = View;
			sourceTree = "<group>";
		};
		D04F13062A79A0AE00B948E8 /* Home */ = {
			isa = PBXGroup;
			children = (
				D04F130D2A79A1D500B948E8 /* Footer.swift */,
				D04F130F2A79A9E900B948E8 /* Navigation.swift */,
				D04F13112A79ABA800B948E8 /* LogoView.swift */,
			);
			path = Home;
			sourceTree = "<group>";
		};
		D04F13072A79A0B900B948E8 /* Detail */ = {
			isa = PBXGroup;
			children = (
			);
			path = Detail;
			sourceTree = "<group>";
		};
		D04F13082A79A0C600B948E8 /* Model */ = {
			isa = PBXGroup;
			children = (
			);
			path = Model;
			sourceTree = "<group>";
		};
		D04F13092A79A0D100B948E8 /* Extension */ = {
			isa = PBXGroup;
			children = (
			);
			path = Extension;
			sourceTree = "<group>";
		};
		D04F130A2A79A0DD00B948E8 /* Utility */ = {
			isa = PBXGroup;
			children = (
				D04F130B2A79A10F00B948E8 /* Constant.swift */,
			);
			path = Utility;
			sourceTree = "<group>";
		};
/* End PBXGroup section */

/* Begin PBXNativeTarget section */
		D04F12E82A799C6500B948E8 /* ecommerceshop */ = {
			isa = PBXNativeTarget;
			buildConfigurationList = D04F12F72A799C6700B948E8 /* Build configuration list for PBXNativeTarget "ecommerceshop" */;
			buildPhases = (
				D04F12E52A799C6500B948E8 /* Sources */,
				D04F12E62A799C6500B948E8 /* Frameworks */,
				D04F12E72A799C6500B948E8 /* Resources */,
			);
			buildRules = (
			);
			dependencies = (
			);
			name = ecommerceshop;
			productName = ecommerceshop;
			productReference = D04F12E92A799C6500B948E8 /* ecommerceshop.app */;
			productType = "com.apple.product-type.application";
		};
/* End PBXNativeTarget section */

/* Begin PBXProject section */
		D04F12E12A799C6400B948E8 /* Project object */ = {
			isa = PBXProject;
			attributes = {
				BuildIndependentTargetsInParallel = 1;
				LastSwiftUpdateCheck = 1430;
				LastUpgradeCheck = 1430;
				TargetAttributes = {
					D04F12E82A799C6500B948E8 = {
						CreatedOnToolsVersion = 14.3.1;
					};
				};
			};
			buildConfigurationList = D04F12E42A799C6400B948E8 /* Build configuration list for PBXProject "ecommerceshop" */;
			compatibilityVersion = "Xcode 14.0";
			developmentRegion = en;
			hasScannedForEncodings = 0;
			knownRegions = (
				en,
				Base,
			);
			mainGroup = D04F12E02A799C6400B948E8;
			productRefGroup = D04F12EA2A799C6500B948E8 /* Products */;
			projectDirPath = "";
			projectRoot = "";
			targets = (
				D04F12E82A799C6500B948E8 /* ecommerceshop */,
			);
		};
/* End PBXProject section */

/* Begin PBXResourcesBuildPhase section */
		D04F12E72A799C6500B948E8 /* Resources */ = {
			isa = PBXResourcesBuildPhase;
			buildActionMask = 2147483647;
			files = (
				D04F12FE2A799EAA00B948E8 /* player.json in Resources */,
				D04F12FF2A799EAA00B948E8 /* product.json in Resources */,
				D04F13002A799EAA00B948E8 /* category.json in Resources */,
				D04F12F42A799C6700B948E8 /* Preview Assets.xcassets in Resources */,
				D04F12F12A799C6700B948E8 /* Assets.xcassets in Resources */,
				D04F13012A799EAA00B948E8 /* brand.json in Resources */,
			);
			runOnlyForDeploymentPostprocessing = 0;
		};
/* End PBXResourcesBuildPhase section */

/* Begin PBXSourcesBuildPhase section */
		D04F12E52A799C6500B948E8 /* Sources */ = {
			isa = PBXSourcesBuildPhase;
			buildActionMask = 2147483647;
			files = (
				D04F12EF2A799C6500B948E8 /* ContentView.swift in Sources */,
				D04F13122A79ABA800B948E8 /* LogoView.swift in Sources */,
				D04F12ED2A799C6500B948E8 /* ecommerceshopApp.swift in Sources */,
				D04F13102A79A9E900B948E8 /* Navigation.swift in Sources */,
				D04F130E2A79A1D500B948E8 /* Footer.swift in Sources */,
				D04F130C2A79A10F00B948E8 /* Constant.swift in Sources */,
			);
			runOnlyForDeploymentPostprocessing = 0;
		};
/* End PBXSourcesBuildPhase section */

/* Begin XCBuildConfiguration section */
		D04F12F52A799C6700B948E8 /* Debug */ = {
			isa = XCBuildConfiguration;
			buildSettings = {
				ALWAYS_SEARCH_USER_PATHS = NO;
				CLANG_ANALYZER_NONNULL = YES;
				CLANG_ANALYZER_NUMBER_OBJECT_CONVERSION = YES_AGGRESSIVE;
				CLANG_CXX_LANGUAGE_STANDARD = "gnu++20";
				CLANG_ENABLE_MODULES = YES;
				CLANG_ENABLE_OBJC_ARC = YES;
				CLANG_ENABLE_OBJC_WEAK = YES;
				CLANG_WARN_BLOCK_CAPTURE_AUTORELEASING = YES;
				CLANG_WARN_BOOL_CONVERSION = YES;
				CLANG_WARN_COMMA = YES;
				CLANG_WARN_CONSTANT_CONVERSION = YES;
				CLANG_WARN_DEPRECATED_OBJC_IMPLEMENTATIONS = YES;
				CLANG_WARN_DIRECT_OBJC_ISA_USAGE = YES_ERROR;
				CLANG_WARN_DOCUMENTATION_COMMENTS = YES;
				CLANG_WARN_EMPTY_BODY = YES;
				CLANG_WARN_ENUM_CONVERSION = YES;
				CLANG_WARN_INFINITE_RECURSION = YES;
				CLANG_WARN_INT_CONVERSION = YES;
				CLANG_WARN_NON_LITERAL_NULL_CONVERSION = YES;
				CLANG_WARN_OBJC_IMPLICIT_RETAIN_SELF = YES;
				CLANG_WARN_OBJC_LITERAL_CONVERSION = YES;
				CLANG_WARN_OBJC_ROOT_CLASS = YES_ERROR;
				CLANG_WARN_QUOTED_INCLUDE_IN_FRAMEWORK_HEADER = YES;
				CLANG_WARN_RANGE_LOOP_ANALYSIS = YES;
				CLANG_WARN_STRICT_PROTOTYPES = YES;
				CLANG_WARN_SUSPICIOUS_MOVE = YES;
				CLANG_WARN_UNGUARDED_AVAILABILITY = YES_AGGRESSIVE;
				CLANG_WARN_UNREACHABLE_CODE = YES;
				CLANG_WARN__DUPLICATE_METHOD_MATCH = YES;
				COPY_PHASE_STRIP = NO;
				DEBUG_INFORMATION_FORMAT = dwarf;
				ENABLE_STRICT_OBJC_MSGSEND = YES;
				ENABLE_TESTABILITY = YES;
				GCC_C_LANGUAGE_STANDARD = gnu11;
				GCC_DYNAMIC_NO_PIC = NO;
				GCC_NO_COMMON_BLOCKS = YES;
				GCC_OPTIMIZATION_LEVEL = 0;
				GCC_PREPROCESSOR_DEFINITIONS = (
					"DEBUG=1",
					"$(inherited)",
				);
				GCC_WARN_64_TO_32_BIT_CONVERSION = YES;
				GCC_WARN_ABOUT_RETURN_TYPE = YES_ERROR;
				GCC_WARN_UNDECLARED_SELECTOR = YES;
				GCC_WARN_UNINITIALIZED_AUTOS = YES_AGGRESSIVE;
				GCC_WARN_UNUSED_FUNCTION = YES;
				GCC_WARN_UNUSED_VARIABLE = YES;
				IPHONEOS_DEPLOYMENT_TARGET = 16.4;
				MTL_ENABLE_DEBUG_INFO = INCLUDE_SOURCE;
				MTL_FAST_MATH = YES;
				ONLY_ACTIVE_ARCH = YES;
				SDKROOT = iphoneos;
				SWIFT_ACTIVE_COMPILATION_CONDITIONS = DEBUG;
				SWIFT_OPTIMIZATION_LEVEL = "-Onone";
			};
			name = Debug;
		};
		D04F12F62A799C6700B948E8 /* Release */ = {
			isa = XCBuildConfiguration;
			buildSettings = {
				ALWAYS_SEARCH_USER_PATHS = NO;
				CLANG_ANALYZER_NONNULL = YES;
				CLANG_ANALYZER_NUMBER_OBJECT_CONVERSION = YES_AGGRESSIVE;
				CLANG_CXX_LANGUAGE_STANDARD = "gnu++20";
				CLANG_ENABLE_MODULES = YES;
				CLANG_ENABLE_OBJC_ARC = YES;
				CLANG_ENABLE_OBJC_WEAK = YES;
				CLANG_WARN_BLOCK_CAPTURE_AUTORELEASING = YES;
				CLANG_WARN_BOOL_CONVERSION = YES;
				CLANG_WARN_COMMA = YES;
				CLANG_WARN_CONSTANT_CONVERSION = YES;
				CLANG_WARN_DEPRECATED_OBJC_IMPLEMENTATIONS = YES;
				CLANG_WARN_DIRECT_OBJC_ISA_USAGE = YES_ERROR;
				CLANG_WARN_DOCUMENTATION_COMMENTS = YES;
				CLANG_WARN_EMPTY_BODY = YES;
				CLANG_WARN_ENUM_CONVERSION = YES;
				CLANG_WARN_INFINITE_RECURSION = YES;
				CLANG_WARN_INT_CONVERSION = YES;
				CLANG_WARN_NON_LITERAL_NULL_CONVERSION = YES;
				CLANG_WARN_OBJC_IMPLICIT_RETAIN_SELF = YES;
				CLANG_WARN_OBJC_LITERAL_CONVERSION = YES;
				CLANG_WARN_OBJC_ROOT_CLASS = YES_ERROR;
				CLANG_WARN_QUOTED_INCLUDE_IN_FRAMEWORK_HEADER = YES;
				CLANG_WARN_RANGE_LOOP_ANALYSIS = YES;
				CLANG_WARN_STRICT_PROTOTYPES = YES;
				CLANG_WARN_SUSPICIOUS_MOVE = YES;
				CLANG_WARN_UNGUARDED_AVAILABILITY = YES_AGGRESSIVE;
				CLANG_WARN_UNREACHABLE_CODE = YES;
				CLANG_WARN__DUPLICATE_METHOD_MATCH = YES;
				COPY_PHASE_STRIP = NO;
				DEBUG_INFORMATION_FORMAT = "dwarf-with-dsym";
				ENABLE_NS_ASSERTIONS = NO;
				ENABLE_STRICT_OBJC_MSGSEND = YES;
				GCC_C_LANGUAGE_STANDARD = gnu11;
				GCC_NO_COMMON_BLOCKS = YES;
				GCC_WARN_64_TO_32_BIT_CONVERSION = YES;
				GCC_WARN_ABOUT_RETURN_TYPE = YES_ERROR;
				GCC_WARN_UNDECLARED_SELECTOR = YES;
				GCC_WARN_UNINITIALIZED_AUTOS = YES_AGGRESSIVE;
				GCC_WARN_UNUSED_FUNCTION = YES;
				GCC_WARN_UNUSED_VARIABLE = YES;
				IPHONEOS_DEPLOYMENT_TARGET = 16.4;
				MTL_ENABLE_DEBUG_INFO = NO;
				MTL_FAST_MATH = YES;
				SDKROOT = iphoneos;
				SWIFT_COMPILATION_MODE = wholemodule;
				SWIFT_OPTIMIZATION_LEVEL = "-O";
				VALIDATE_PRODUCT = YES;
			};
			name = Release;
		};
		D04F12F82A799C6700B948E8 /* Debug */ = {
			isa = XCBuildConfiguration;
			buildSettings = {
				ASSETCATALOG_COMPILER_APPICON_NAME = AppIcon;
				ASSETCATALOG_COMPILER_GLOBAL_ACCENT_COLOR_NAME = AccentColor;
				CODE_SIGN_STYLE = Automatic;
				CURRENT_PROJECT_VERSION = 1;
				DEVELOPMENT_ASSET_PATHS = "\"ecommerceshop/Preview Content\"";
				ENABLE_PREVIEWS = YES;
				GENERATE_INFOPLIST_FILE = YES;
				INFOPLIST_FILE = ecommerceshop/Info.plist;
				INFOPLIST_KEY_UIApplicationSceneManifest_Generation = YES;
				INFOPLIST_KEY_UIApplicationSupportsIndirectInputEvents = YES;
				INFOPLIST_KEY_UISupportedInterfaceOrientations = "UIInterfaceOrientationLandscapeLeft UIInterfaceOrientationLandscapeRight UIInterfaceOrientationPortrait";
				INFOPLIST_KEY_UISupportedInterfaceOrientations_iPad = "UIInterfaceOrientationPortrait UIInterfaceOrientationPortraitUpsideDown";
				INFOPLIST_KEY_UIUserInterfaceStyle = Light;
				LD_RUNPATH_SEARCH_PATHS = (
					"$(inherited)",
					"@executable_path/Frameworks",
				);
				MARKETING_VERSION = 1.0;
				PRODUCT_BUNDLE_IDENTIFIER = com.masterclass1.ecommerceshop;
				PRODUCT_NAME = "$(TARGET_NAME)";
				SWIFT_EMIT_LOC_STRINGS = YES;
				SWIFT_VERSION = 5.0;
				TARGETED_DEVICE_FAMILY = "1,2";
			};
			name = Debug;
		};
		D04F12F92A799C6700B948E8 /* Release */ = {
			isa = XCBuildConfiguration;
			buildSettings = {
				ASSETCATALOG_COMPILER_APPICON_NAME = AppIcon;
				ASSETCATALOG_COMPILER_GLOBAL_ACCENT_COLOR_NAME = AccentColor;
				CODE_SIGN_STYLE = Automatic;
				CURRENT_PROJECT_VERSION = 1;
				DEVELOPMENT_ASSET_PATHS = "\"ecommerceshop/Preview Content\"";
				ENABLE_PREVIEWS = YES;
				GENERATE_INFOPLIST_FILE = YES;
				INFOPLIST_FILE = ecommerceshop/Info.plist;
				INFOPLIST_KEY_UIApplicationSceneManifest_Generation = YES;
				INFOPLIST_KEY_UIApplicationSupportsIndirectInputEvents = YES;
				INFOPLIST_KEY_UISupportedInterfaceOrientations = "UIInterfaceOrientationLandscapeLeft UIInterfaceOrientationLandscapeRight UIInterfaceOrientationPortrait";
				INFOPLIST_KEY_UISupportedInterfaceOrientations_iPad = "UIInterfaceOrientationPortrait UIInterfaceOrientationPortraitUpsideDown";
				INFOPLIST_KEY_UIUserInterfaceStyle = Light;
				LD_RUNPATH_SEARCH_PATHS = (
					"$(inherited)",
					"@executable_path/Frameworks",
				);
				MARKETING_VERSION = 1.0;
				PRODUCT_BUNDLE_IDENTIFIER = com.masterclass1.ecommerceshop;
				PRODUCT_NAME = "$(TARGET_NAME)";
				SWIFT_EMIT_LOC_STRINGS = YES;
				SWIFT_VERSION = 5.0;
				TARGETED_DEVICE_FAMILY = "1,2";
			};
			name = Release;
		};
/* End XCBuildConfiguration section */

/* Begin XCConfigurationList section */
		D04F12E42A799C6400B948E8 /* Build configuration list for PBXProject "ecommerceshop" */ = {
			isa = XCConfigurationList;
			buildConfigurations = (
				D04F12F52A799C6700B948E8 /* Debug */,
				D04F12F62A799C6700B948E8 /* Release */,
			);
			defaultConfigurationIsVisible = 0;
			defaultConfigurationName = Release;
		};
		D04F12F72A799C6700B948E8 /* Build configuration list for PBXNativeTarget "ecommerceshop" */ = {
			isa = XCConfigurationList;
			buildConfigurations = (
				D04F12F82A799C6700B948E8 /* Debug */,
				D04F12F92A799C6700B948E8 /* Release */,
			);
			defaultConfigurationIsVisible = 0;
			defaultConfigurationName = Release;
		};
/* End XCConfigurationList section */
	};
	rootObject = D04F12E12A799C6400B948E8 /* Project object */;
}
